
Microsoft Visual Studio Solution File, Format Version 12.00
# Visual Studio 2012
Project("{E24C65DC-7377-472B-9ABA-BC803B73C61A}") = "Website", "Website\", "{A9382ACE-C354-4978-9BDB-B1D79FBB57BB}"
	ProjectSection(WebsiteProperties) = preProject
		TargetFrameworkMoniker = ".NETFramework,Version%3Dv4.0"
		Debug.AspNetCompiler.VirtualPath = "/Website"
		Debug.AspNetCompiler.PhysicalPath = "Website\"
		Debug.AspNetCompiler.TargetPath = "PrecompiledWeb\Website\"
		Debug.AspNetCompiler.Updateable = "true"
		Debug.AspNetCompiler.ForceOverwrite = "true"
		Debug.AspNetCompiler.FixedNames = "false"
		Debug.AspNetCompiler.Debug = "True"
		Release.AspNetCompiler.VirtualPath = "/Website"
		Release.AspNetCompiler.PhysicalPath = "Website\"
		Release.AspNetCompiler.TargetPath = "PrecompiledWeb\Website\"
		Release.AspNetCompiler.Updateable = "true"
		Release.AspNetCompiler.ForceOverwrite = "true"
		Release.AspNetCompiler.FixedNames = "false"
		Release.AspNetCompiler.Debug = "False"
		VWDPort = "15330"
	EndProjectSection
EndProject
Project("{FAE04EC0-301F-11D3-BF4B-00C04F79EFBC}") = "HmrcTpvsProxy.Domain", "HmrcTpvsProxy.Domain\HmrcTpvsProxy.Domain.csproj", "{431FF976-C1C6-4D97-A584-ED1E6F0EB0AE}"
EndProject
Project("{FAE04EC0-301F-11D3-BF4B-00C04F79EFBC}") = "HmrcTpvsProxy.Domain.Test", "HmrcTpvsProxy.Domain.Test\HmrcTpvsProxy.Domain.Test.csproj", "{8EC6A4E7-AFF7-4F78-9A0E-4545F831A00B}"
EndProject
Global
	GlobalSection(SolutionConfigurationPlatforms) = preSolution
		Debug|Any CPU = Debug|Any CPU
		Release|Any CPU = Release|Any CPU
	EndGlobalSection
	GlobalSection(ProjectConfigurationPlatforms) = postSolution
		{A9382ACE-C354-4978-9BDB-B1D79FBB57BB}.Debug|Any CPU.ActiveCfg = Debug|Any CPU
		{A9382ACE-C354-4978-9BDB-B1D79FBB57BB}.Debug|Any CPU.Build.0 = Debug|Any CPU
		{A9382ACE-C354-4978-9BDB-B1D79FBB57BB}.Release|Any CPU.ActiveCfg = Debug|Any CPU
		{A9382ACE-C354-4978-9BDB-B1D79FBB57BB}.Release|Any CPU.Build.0 = Debug|Any CPU
		{431FF976-C1C6-4D97-A584-ED1E6F0EB0AE}.Debug|Any CPU.ActiveCfg = Debug|Any CPU
		{431FF976-C1C6-4D97-A584-ED1E6F0EB0AE}.Debug|Any CPU.Build.0 = Debug|Any CPU
		{431FF976-C1C6-4D97-A584-ED1E6F0EB0AE}.Release|Any CPU.ActiveCfg = Release|Any CPU
		{431FF976-C1C6-4D97-A584-ED1E6F0EB0AE}.Release|Any CPU.Build.0 = Release|Any CPU
		{8EC6A4E7-AFF7-4F78-9A0E-4545F831A00B}.Debug|Any CPU.ActiveCfg = Debug|Any CPU
		{8EC6A4E7-AFF7-4F78-9A0E-4545F831A00B}.Debug|Any CPU.Build.0 = Debug|Any CPU
		{8EC6A4E7-AFF7-4F78-9A0E-4545F831A00B}.Release|Any CPU.ActiveCfg = Release|Any CPU
		{8EC6A4E7-AFF7-4F78-9A0E-4545F831A00B}.Release|Any CPU.Build.0 = Release|Any CPU
	EndGlobalSection
	GlobalSection(SolutionProperties) = preSolution
		HideSolutionNode = FALSE
	EndGlobalSection
EndGlobal
